// !$*UTF8*$!
{
	archiveVersion = 1;
	classes = {
	};
	objectVersion = 56;
	objects = {

/* Begin PBXBuildFile section */
		447F29832BD7583D00088E09 /* AppDelegate.swift in Sources */ = {isa = PBXBuildFile; fileRef = 447F29822BD7583D00088E09 /* AppDelegate.swift */; };
		447F29852BD7583D00088E09 /* SceneDelegate.swift in Sources */ = {isa = PBXBuildFile; fileRef = 447F29842BD7583D00088E09 /* SceneDelegate.swift */; };
		447F29872BD7583D00088E09 /* ViewController.swift in Sources */ = {isa = PBXBuildFile; fileRef = 447F29862BD7583D00088E09 /* ViewController.swift */; };
		447F298A2BD7583D00088E09 /* Main.storyboard in Resources */ = {isa = PBXBuildFile; fileRef = 447F29882BD7583D00088E09 /* Main.storyboard */; };
		447F298C2BD7583E00088E09 /* Assets.xcassets in Resources */ = {isa = PBXBuildFile; fileRef = 447F298B2BD7583E00088E09 /* Assets.xcassets */; };
		447F298F2BD7583E00088E09 /* LaunchScreen.storyboard in Resources */ = {isa = PBXBuildFile; fileRef = 447F298D2BD7583E00088E09 /* LaunchScreen.storyboard */; };
		447F29B92BD7586C00088E09 /* WidgetKit.framework in Frameworks */ = {isa = PBXBuildFile; fileRef = 447F29B82BD7586C00088E09 /* WidgetKit.framework */; };
		447F29BB2BD7586C00088E09 /* SwiftUI.framework in Frameworks */ = {isa = PBXBuildFile; fileRef = 447F29BA2BD7586C00088E09 /* SwiftUI.framework */; };
		447F29BE2BD7586C00088E09 /* widgetBundle.swift in Sources */ = {isa = PBXBuildFile; fileRef = 447F29BD2BD7586C00088E09 /* widgetBundle.swift */; };
		447F29C02BD7586C00088E09 /* widgetLiveActivity.swift in Sources */ = {isa = PBXBuildFile; fileRef = 447F29BF2BD7586C00088E09 /* widgetLiveActivity.swift */; };
		447F29C22BD7586C00088E09 /* widget.swift in Sources */ = {isa = PBXBuildFile; fileRef = 447F29C12BD7586C00088E09 /* widget.swift */; };
		447F29C42BD7586C00088E09 /* AppIntent.swift in Sources */ = {isa = PBXBuildFile; fileRef = 447F29C32BD7586C00088E09 /* AppIntent.swift */; };
		447F29C62BD7586D00088E09 /* Assets.xcassets in Resources */ = {isa = PBXBuildFile; fileRef = 447F29C52BD7586D00088E09 /* Assets.xcassets */; };
		447F29CA2BD7586D00088E09 /* widgetExtension.appex in Embed Foundation Extensions */ = {isa = PBXBuildFile; fileRef = 447F29B62BD7586C00088E09 /* widgetExtension.appex */; settings = {ATTRIBUTES = (RemoveHeadersOnCopy, ); }; };
		447F29D02BD7930500088E09 /* WidgetColor.swift in Sources */ = {isa = PBXBuildFile; fileRef = 447F29CF2BD7930500088E09 /* WidgetColor.swift */; };
		447F29D12BD7930F00088E09 /* WidgetColor.swift in Sources */ = {isa = PBXBuildFile; fileRef = 447F29CF2BD7930500088E09 /* WidgetColor.swift */; };
/* End PBXBuildFile section */

/* Begin PBXContainerItemProxy section */
		447F29C82BD7586D00088E09 /* PBXContainerItemProxy */ = {
			isa = PBXContainerItemProxy;
			containerPortal = 447F29772BD7583D00088E09 /* Project object */;
			proxyType = 1;
			remoteGlobalIDString = 447F29B52BD7586C00088E09;
			remoteInfo = widgetExtension;
		};
/* End PBXContainerItemProxy section */

/* Begin PBXCopyFilesBuildPhase section */
		447F29CE2BD7586E00088E09 /* Embed Foundation Extensions */ = {
			isa = PBXCopyFilesBuildPhase;
			buildActionMask = 2147483647;
			dstPath = "";
			dstSubfolderSpec = 13;
			files = (
				447F29CA2BD7586D00088E09 /* widgetExtension.appex in Embed Foundation Extensions */,
			);
			name = "Embed Foundation Extensions";
			runOnlyForDeploymentPostprocessing = 0;
		};
/* End PBXCopyFilesBuildPhase section */

/* Begin PBXFileReference section */
		447F297F2BD7583D00088E09 /* testWidget.app */ = {isa = PBXFileReference; explicitFileType = wrapper.application; includeInIndex = 0; path = testWidget.app; sourceTree = BUILT_PRODUCTS_DIR; };
		447F29822BD7583D00088E09 /* AppDelegate.swift */ = {isa = PBXFileReference; lastKnownFileType = sourcecode.swift; path = AppDelegate.swift; sourceTree = "<group>"; };
		447F29842BD7583D00088E09 /* SceneDelegate.swift */ = {isa = PBXFileReference; lastKnownFileType = sourcecode.swift; path = SceneDelegate.swift; sourceTree = "<group>"; };
		447F29862BD7583D00088E09 /* ViewController.swift */ = {isa = PBXFileReference; lastKnownFileType = sourcecode.swift; path = ViewController.swift; sourceTree = "<group>"; };
		447F29892BD7583D00088E09 /* Base */ = {isa = PBXFileReference; lastKnownFileType = file.storyboard; name = Base; path = Base.lproj/Main.storyboard; sourceTree = "<group>"; };
		447F298B2BD7583E00088E09 /* Assets.xcassets */ = {isa = PBXFileReference; lastKnownFileType = folder.assetcatalog; path = Assets.xcassets; sourceTree = "<group>"; };
		447F298E2BD7583E00088E09 /* Base */ = {isa = PBXFileReference; lastKnownFileType = file.storyboard; name = Base; path = Base.lproj/LaunchScreen.storyboard; sourceTree = "<group>"; };
		447F29902BD7583E00088E09 /* Info.plist */ = {isa = PBXFileReference; lastKnownFileType = text.plist.xml; path = Info.plist; sourceTree = "<group>"; };
		447F29B62BD7586C00088E09 /* widgetExtension.appex */ = {isa = PBXFileReference; explicitFileType = "wrapper.app-extension"; includeInIndex = 0; path = widgetExtension.appex; sourceTree = BUILT_PRODUCTS_DIR; };
		447F29B82BD7586C00088E09 /* WidgetKit.framework */ = {isa = PBXFileReference; lastKnownFileType = wrapper.framework; name = WidgetKit.framework; path = System/Library/Frameworks/WidgetKit.framework; sourceTree = SDKROOT; };
		447F29BA2BD7586C00088E09 /* SwiftUI.framework */ = {isa = PBXFileReference; lastKnownFileType = wrapper.framework; name = SwiftUI.framework; path = System/Library/Frameworks/SwiftUI.framework; sourceTree = SDKROOT; };
		447F29BD2BD7586C00088E09 /* widgetBundle.swift */ = {isa = PBXFileReference; lastKnownFileType = sourcecode.swift; path = widgetBundle.swift; sourceTree = "<group>"; };
		447F29BF2BD7586C00088E09 /* widgetLiveActivity.swift */ = {isa = PBXFileReference; lastKnownFileType = sourcecode.swift; path = widgetLiveActivity.swift; sourceTree = "<group>"; };
		447F29C12BD7586C00088E09 /* widget.swift */ = {isa = PBXFileReference; lastKnownFileType = sourcecode.swift; path = widget.swift; sourceTree = "<group>"; };
		447F29C32BD7586C00088E09 /* AppIntent.swift */ = {isa = PBXFileReference; lastKnownFileType = sourcecode.swift; path = AppIntent.swift; sourceTree = "<group>"; };
		447F29C52BD7586D00088E09 /* Assets.xcassets */ = {isa = PBXFileReference; lastKnownFileType = folder.assetcatalog; path = Assets.xcassets; sourceTree = "<group>"; };
		447F29C72BD7586D00088E09 /* Info.plist */ = {isa = PBXFileReference; lastKnownFileType = text.plist.xml; path = Info.plist; sourceTree = "<group>"; };
		447F29CF2BD7930500088E09 /* WidgetColor.swift */ = {isa = PBXFileReference; lastKnownFileType = sourcecode.swift; path = WidgetColor.swift; sourceTree = "<group>"; };
		447F29D22BD79E7000088E09 /* testWidget.entitlements */ = {isa = PBXFileReference; lastKnownFileType = text.plist.entitlements; path = testWidget.entitlements; sourceTree = "<group>"; };
		447F29D32BD79EA900088E09 /* widgetExtension.entitlements */ = {isa = PBXFileReference; lastKnownFileType = text.plist.entitlements; path = widgetExtension.entitlements; sourceTree = "<group>"; };
/* End PBXFileReference section */

/* Begin PBXFrameworksBuildPhase section */
		447F297C2BD7583D00088E09 /* Frameworks */ = {
			isa = PBXFrameworksBuildPhase;
			buildActionMask = 2147483647;
			files = (
			);
			runOnlyForDeploymentPostprocessing = 0;
		};
		447F29B32BD7586C00088E09 /* Frameworks */ = {
			isa = PBXFrameworksBuildPhase;
			buildActionMask = 2147483647;
			files = (
				447F29BB2BD7586C00088E09 /* SwiftUI.framework in Frameworks */,
				447F29B92BD7586C00088E09 /* WidgetKit.framework in Frameworks */,
			);
			runOnlyForDeploymentPostprocessing = 0;
		};
/* End PBXFrameworksBuildPhase section */

/* Begin PBXGroup section */
		447F29762BD7583D00088E09 = {
			isa = PBXGroup;
			children = (
				447F29D32BD79EA900088E09 /* widgetExtension.entitlements */,
				447F29812BD7583D00088E09 /* testWidget */,
				447F29BC2BD7586C00088E09 /* widget */,
				447F29B72BD7586C00088E09 /* Frameworks */,
				447F29802BD7583D00088E09 /* Products */,
			);
			sourceTree = "<group>";
		};
		447F29802BD7583D00088E09 /* Products */ = {
			isa = PBXGroup;
			children = (
				447F297F2BD7583D00088E09 /* testWidget.app */,
				447F29B62BD7586C00088E09 /* widgetExtension.appex */,
			);
			name = Products;
			sourceTree = "<group>";
		};
		447F29812BD7583D00088E09 /* testWidget */ = {
			isa = PBXGroup;
			children = (
				447F29D22BD79E7000088E09 /* testWidget.entitlements */,
				447F29822BD7583D00088E09 /* AppDelegate.swift */,
				447F29842BD7583D00088E09 /* SceneDelegate.swift */,
				447F29862BD7583D00088E09 /* ViewController.swift */,
				447F29882BD7583D00088E09 /* Main.storyboard */,
				447F298B2BD7583E00088E09 /* Assets.xcassets */,
				447F298D2BD7583E00088E09 /* LaunchScreen.storyboard */,
				447F29902BD7583E00088E09 /* Info.plist */,
			);
			path = testWidget;
			sourceTree = "<group>";
		};
		447F29B72BD7586C00088E09 /* Frameworks */ = {
			isa = PBXGroup;
			children = (
				447F29B82BD7586C00088E09 /* WidgetKit.framework */,
				447F29BA2BD7586C00088E09 /* SwiftUI.framework */,
			);
			name = Frameworks;
			sourceTree = "<group>";
		};
		447F29BC2BD7586C00088E09 /* widget */ = {
			isa = PBXGroup;
			children = (
				447F29BD2BD7586C00088E09 /* widgetBundle.swift */,
				447F29BF2BD7586C00088E09 /* widgetLiveActivity.swift */,
				447F29C12BD7586C00088E09 /* widget.swift */,
				447F29C32BD7586C00088E09 /* AppIntent.swift */,
				447F29CF2BD7930500088E09 /* WidgetColor.swift */,
				447F29C52BD7586D00088E09 /* Assets.xcassets */,
				447F29C72BD7586D00088E09 /* Info.plist */,
			);
			path = widget;
			sourceTree = "<group>";
		};
/* End PBXGroup section */

/* Begin PBXNativeTarget section */
		447F297E2BD7583D00088E09 /* testWidget */ = {
			isa = PBXNativeTarget;
			buildConfigurationList = 447F29A92BD7583E00088E09 /* Build configuration list for PBXNativeTarget "testWidget" */;
			buildPhases = (
				447F297B2BD7583D00088E09 /* Sources */,
				447F297C2BD7583D00088E09 /* Frameworks */,
				447F297D2BD7583D00088E09 /* Resources */,
				447F29CE2BD7586E00088E09 /* Embed Foundation Extensions */,
			);
			buildRules = (
			);
			dependencies = (
				447F29C92BD7586D00088E09 /* PBXTargetDependency */,
			);
			name = testWidget;
			productName = testWidget;
			productReference = 447F297F2BD7583D00088E09 /* testWidget.app */;
			productType = "com.apple.product-type.application";
		};
		447F29B52BD7586C00088E09 /* widgetExtension */ = {
			isa = PBXNativeTarget;
			buildConfigurationList = 447F29CB2BD7586E00088E09 /* Build configuration list for PBXNativeTarget "widgetExtension" */;
			buildPhases = (
				447F29B22BD7586C00088E09 /* Sources */,
				447F29B32BD7586C00088E09 /* Frameworks */,
				447F29B42BD7586C00088E09 /* Resources */,
			);
			buildRules = (
			);
			dependencies = (
			);
			name = widgetExtension;
			productName = widgetExtension;
			productReference = 447F29B62BD7586C00088E09 /* widgetExtension.appex */;
			productType = "com.apple.product-type.app-extension";
		};
/* End PBXNativeTarget section */

/* Begin PBXProject section */
		447F29772BD7583D00088E09 /* Project object */ = {
			isa = PBXProject;
			attributes = {
				BuildIndependentTargetsInParallel = 1;
				LastSwiftUpdateCheck = 1500;
				LastUpgradeCheck = 1500;
				TargetAttributes = {
					447F297E2BD7583D00088E09 = {
						CreatedOnToolsVersion = 15.0.1;
					};
					447F29B52BD7586C00088E09 = {
						CreatedOnToolsVersion = 15.0.1;
					};
				};
			};
			buildConfigurationList = 447F297A2BD7583D00088E09 /* Build configuration list for PBXProject "testWidget" */;
			compatibilityVersion = "Xcode 14.0";
			developmentRegion = en;
			hasScannedForEncodings = 0;
			knownRegions = (
				en,
				Base,
			);
			mainGroup = 447F29762BD7583D00088E09;
			productRefGroup = 447F29802BD7583D00088E09 /* Products */;
			projectDirPath = "";
			projectRoot = "";
			targets = (
				447F297E2BD7583D00088E09 /* testWidget */,
				447F29B52BD7586C00088E09 /* widgetExtension */,
			);
		};
/* End PBXProject section */

/* Begin PBXResourcesBuildPhase section */
		447F297D2BD7583D00088E09 /* Resources */ = {
			isa = PBXResourcesBuildPhase;
			buildActionMask = 2147483647;
			files = (
				447F298F2BD7583E00088E09 /* LaunchScreen.storyboard in Resources */,
				447F298C2BD7583E00088E09 /* Assets.xcassets in Resources */,
				447F298A2BD7583D00088E09 /* Main.storyboard in Resources */,
			);
			runOnlyForDeploymentPostprocessing = 0;
		};
		447F29B42BD7586C00088E09 /* Resources */ = {
			isa = PBXResourcesBuildPhase;
			buildActionMask = 2147483647;
			files = (
				447F29C62BD7586D00088E09 /* Assets.xcassets in Resources */,
			);
			runOnlyForDeploymentPostprocessing = 0;
		};
/* End PBXResourcesBuildPhase section */

/* Begin PBXSourcesBuildPhase section */
		447F297B2BD7583D00088E09 /* Sources */ = {
			isa = PBXSourcesBuildPhase;
			buildActionMask = 2147483647;
			files = (
				447F29872BD7583D00088E09 /* ViewController.swift in Sources */,
				447F29832BD7583D00088E09 /* AppDelegate.swift in Sources */,
				447F29852BD7583D00088E09 /* SceneDelegate.swift in Sources */,
				447F29D02BD7930500088E09 /* WidgetColor.swift in Sources */,
			);
			runOnlyForDeploymentPostprocessing = 0;
		};
		447F29B22BD7586C00088E09 /* Sources */ = {
			isa = PBXSourcesBuildPhase;
			buildActionMask = 2147483647;
			files = (
				447F29D12BD7930F00088E09 /* WidgetColor.swift in Sources */,
				447F29C22BD7586C00088E09 /* widget.swift in Sources */,
				447F29C42BD7586C00088E09 /* AppIntent.swift in Sources */,
				447F29C02BD7586C00088E09 /* widgetLiveActivity.swift in Sources */,
				447F29BE2BD7586C00088E09 /* widgetBundle.swift in Sources */,
			);
			runOnlyForDeploymentPostprocessing = 0;
		};
/* End PBXSourcesBuildPhase section */

/* Begin PBXTargetDependency section */
		447F29C92BD7586D00088E09 /* PBXTargetDependency */ = {
			isa = PBXTargetDependency;
			target = 447F29B52BD7586C00088E09 /* widgetExtension */;
			targetProxy = 447F29C82BD7586D00088E09 /* PBXContainerItemProxy */;
		};
/* End PBXTargetDependency section */

/* Begin PBXVariantGroup section */
		447F29882BD7583D00088E09 /* Main.storyboard */ = {
			isa = PBXVariantGroup;
			children = (
				447F29892BD7583D00088E09 /* Base */,
			);
			name = Main.storyboard;
			sourceTree = "<group>";
		};
		447F298D2BD7583E00088E09 /* LaunchScreen.storyboard */ = {
			isa = PBXVariantGroup;
			children = (
				447F298E2BD7583E00088E09 /* Base */,
			);
			name = LaunchScreen.storyboard;
			sourceTree = "<group>";
		};
/* End PBXVariantGroup section */

/* Begin XCBuildConfiguration section */
		447F29A72BD7583E00088E09 /* Debug */ = {
			isa = XCBuildConfiguration;
			buildSettings = {
				ALWAYS_SEARCH_USER_PATHS = NO;
				ASSETCATALOG_COMPILER_GENERATE_SWIFT_ASSET_SYMBOL_EXTENSIONS = YES;
				CLANG_ANALYZER_NONNULL = YES;
				CLANG_ANALYZER_NUMBER_OBJECT_CONVERSION = YES_AGGRESSIVE;
				CLANG_CXX_LANGUAGE_STANDARD = "gnu++20";
				CLANG_ENABLE_MODULES = YES;
				CLANG_ENABLE_OBJC_ARC = YES;
				CLANG_ENABLE_OBJC_WEAK = YES;
				CLANG_WARN_BLOCK_CAPTURE_AUTORELEASING = YES;
				CLANG_WARN_BOOL_CONVERSION = YES;
				CLANG_WARN_COMMA = YES;
				CLANG_WARN_CONSTANT_CONVERSION = YES;
				CLANG_WARN_DEPRECATED_OBJC_IMPLEMENTATIONS = YES;
				CLANG_WARN_DIRECT_OBJC_ISA_USAGE = YES_ERROR;
				CLANG_WARN_DOCUMENTATION_COMMENTS = YES;
				CLANG_WARN_EMPTY_BODY = YES;
				CLANG_WARN_ENUM_CONVERSION = YES;
				CLANG_WARN_INFINITE_RECURSION = YES;
				CLANG_WARN_INT_CONVERSION = YES;
				CLANG_WARN_NON_LITERAL_NULL_CONVERSION = YES;
				CLANG_WARN_OBJC_IMPLICIT_RETAIN_SELF = YES;
				CLANG_WARN_OBJC_LITERAL_CONVERSION = YES;
				CLANG_WARN_OBJC_ROOT_CLASS = YES_ERROR;
				CLANG_WARN_QUOTED_INCLUDE_IN_FRAMEWORK_HEADER = YES;
				CLANG_WARN_RANGE_LOOP_ANALYSIS = YES;
				CLANG_WARN_STRICT_PROTOTYPES = YES;
				CLANG_WARN_SUSPICIOUS_MOVE = YES;
				CLANG_WARN_UNGUARDED_AVAILABILITY = YES_AGGRESSIVE;
				CLANG_WARN_UNREACHABLE_CODE = YES;
				CLANG_WARN__DUPLICATE_METHOD_MATCH = YES;
				COPY_PHASE_STRIP = NO;
				DEBUG_INFORMATION_FORMAT = dwarf;
				ENABLE_STRICT_OBJC_MSGSEND = YES;
				ENABLE_TESTABILITY = YES;
				ENABLE_USER_SCRIPT_SANDBOXING = YES;
				GCC_C_LANGUAGE_STANDARD = gnu17;
				GCC_DYNAMIC_NO_PIC = NO;
				GCC_NO_COMMON_BLOCKS = YES;
				GCC_OPTIMIZATION_LEVEL = 0;
				GCC_PREPROCESSOR_DEFINITIONS = (
					"DEBUG=1",
					"$(inherited)",
				);
				GCC_WARN_64_TO_32_BIT_CONVERSION = YES;
				GCC_WARN_ABOUT_RETURN_TYPE = YES_ERROR;
				GCC_WARN_UNDECLARED_SELECTOR = YES;
				GCC_WARN_UNINITIALIZED_AUTOS = YES_AGGRESSIVE;
				GCC_WARN_UNUSED_FUNCTION = YES;
				GCC_WARN_UNUSED_VARIABLE = YES;
				IPHONEOS_DEPLOYMENT_TARGET = 15.0;
				LOCALIZATION_PREFERS_STRING_CATALOGS = YES;
				MTL_ENABLE_DEBUG_INFO = INCLUDE_SOURCE;
				MTL_FAST_MATH = YES;
				ONLY_ACTIVE_ARCH = YES;
				SDKROOT = iphoneos;
				SWIFT_ACTIVE_COMPILATION_CONDITIONS = "DEBUG $(inherited)";
				SWIFT_OPTIMIZATION_LEVEL = "-Onone";
			};
			name = Debug;
		};
		447F29A82BD7583E00088E09 /* Release */ = {
			isa = XCBuildConfiguration;
			buildSettings = {
				ALWAYS_SEARCH_USER_PATHS = NO;
				ASSETCATALOG_COMPILER_GENERATE_SWIFT_ASSET_SYMBOL_EXTENSIONS = YES;
				CLANG_ANALYZER_NONNULL = YES;
				CLANG_ANALYZER_NUMBER_OBJECT_CONVERSION = YES_AGGRESSIVE;
				CLANG_CXX_LANGUAGE_STANDARD = "gnu++20";
				CLANG_ENABLE_MODULES = YES;
				CLANG_ENABLE_OBJC_ARC = YES;
				CLANG_ENABLE_OBJC_WEAK = YES;
				CLANG_WARN_BLOCK_CAPTURE_AUTORELEASING = YES;
				CLANG_WARN_BOOL_CONVERSION = YES;
				CLANG_WARN_COMMA = YES;
				CLANG_WARN_CONSTANT_CONVERSION = YES;
				CLANG_WARN_DEPRECATED_OBJC_IMPLEMENTATIONS = YES;
				CLANG_WARN_DIRECT_OBJC_ISA_USAGE = YES_ERROR;
				CLANG_WARN_DOCUMENTATION_COMMENTS = YES;
				CLANG_WARN_EMPTY_BODY = YES;
				CLANG_WARN_ENUM_CONVERSION = YES;
				CLANG_WARN_INFINITE_RECURSION = YES;
				CLANG_WARN_INT_CONVERSION = YES;
				CLANG_WARN_NON_LITERAL_NULL_CONVERSION = YES;
				CLANG_WARN_OBJC_IMPLICIT_RETAIN_SELF = YES;
				CLANG_WARN_OBJC_LITERAL_CONVERSION = YES;
				CLANG_WARN_OBJC_ROOT_CLASS = YES_ERROR;
				CLANG_WARN_QUOTED_INCLUDE_IN_FRAMEWORK_HEADER = YES;
				CLANG_WARN_RANGE_LOOP_ANALYSIS = YES;
				CLANG_WARN_STRICT_PROTOTYPES = YES;
				CLANG_WARN_SUSPICIOUS_MOVE = YES;
				CLANG_WARN_UNGUARDED_AVAILABILITY = YES_AGGRESSIVE;
				CLANG_WARN_UNREACHABLE_CODE = YES;
				CLANG_WARN__DUPLICATE_METHOD_MATCH = YES;
				COPY_PHASE_STRIP = NO;
				DEBUG_INFORMATION_FORMAT = "dwarf-with-dsym";
				ENABLE_NS_ASSERTIONS = NO;
				ENABLE_STRICT_OBJC_MSGSEND = YES;
				ENABLE_USER_SCRIPT_SANDBOXING = YES;
				GCC_C_LANGUAGE_STANDARD = gnu17;
				GCC_NO_COMMON_BLOCKS = YES;
				GCC_WARN_64_TO_32_BIT_CONVERSION = YES;
				GCC_WARN_ABOUT_RETURN_TYPE = YES_ERROR;
				GCC_WARN_UNDECLARED_SELECTOR = YES;
				GCC_WARN_UNINITIALIZED_AUTOS = YES_AGGRESSIVE;
				GCC_WARN_UNUSED_FUNCTION = YES;
				GCC_WARN_UNUSED_VARIABLE = YES;
				IPHONEOS_DEPLOYMENT_TARGET = 15.0;
				LOCALIZATION_PREFERS_STRING_CATALOGS = YES;
				MTL_ENABLE_DEBUG_INFO = NO;
				MTL_FAST_MATH = YES;
				SDKROOT = iphoneos;
				SWIFT_COMPILATION_MODE = wholemodule;
				VALIDATE_PRODUCT = YES;
			};
			name = Release;
		};
		447F29AA2BD7583E00088E09 /* Debug */ = {
			isa = XCBuildConfiguration;
			buildSettings = {
				ALWAYS_EMBED_SWIFT_STANDARD_LIBRARIES = YES;
				ASSETCATALOG_COMPILER_APPICON_NAME = AppIcon;
				ASSETCATALOG_COMPILER_GLOBAL_ACCENT_COLOR_NAME = AccentColor;
				CODE_SIGN_ENTITLEMENTS = testWidget/testWidget.entitlements;
				CODE_SIGN_STYLE = Automatic;
				CURRENT_PROJECT_VERSION = 1;
				DEVELOPMENT_TEAM = "";
				GENERATE_INFOPLIST_FILE = YES;
				INFOPLIST_FILE = testWidget/Info.plist;
				INFOPLIST_KEY_UIApplicationSupportsIndirectInputEvents = YES;
				INFOPLIST_KEY_UILaunchStoryboardName = LaunchScreen;
				INFOPLIST_KEY_UIMainStoryboardFile = Main;
				INFOPLIST_KEY_UISupportedInterfaceOrientations = UIInterfaceOrientationPortrait;
				INFOPLIST_KEY_UISupportedInterfaceOrientations_iPad = "UIInterfaceOrientationLandscapeLeft UIInterfaceOrientationLandscapeRight UIInterfaceOrientationPortrait UIInterfaceOrientationPortraitUpsideDown";
				LD_RUNPATH_SEARCH_PATHS = (
					"$(inherited)",
					"@executable_path/Frameworks",
				);
				MARKETING_VERSION = 1.0;
				PRODUCT_BUNDLE_IDENTIFIER = com.podtest.testWidget;
				PRODUCT_NAME = "$(TARGET_NAME)";
				SUPPORTED_PLATFORMS = "iphoneos iphonesimulator";
				SUPPORTS_MACCATALYST = NO;
				SUPPORTS_MAC_DESIGNED_FOR_IPHONE_IPAD = NO;
				SWIFT_EMIT_LOC_STRINGS = YES;
				SWIFT_VERSION = 5.0;
				TARGETED_DEVICE_FAMILY = 1;
			};
			name = Debug;
		};
		447F29AB2BD7583E00088E09 /* Release */ = {
			isa = XCBuildConfiguration;
			buildSettings = {
				ALWAYS_EMBED_SWIFT_STANDARD_LIBRARIES = YES;
				ASSETCATALOG_COMPILER_APPICON_NAME = AppIcon;
				ASSETCATALOG_COMPILER_GLOBAL_ACCENT_COLOR_NAME = AccentColor;
				CODE_SIGN_ENTITLEMENTS = testWidget/testWidget.entitlements;
				CODE_SIGN_STYLE = Automatic;
				CURRENT_PROJECT_VERSION = 1;
				DEVELOPMENT_TEAM = "";
				GENERATE_INFOPLIST_FILE = YES;
				INFOPLIST_FILE = testWidget/Info.plist;
				INFOPLIST_KEY_UIApplicationSupportsIndirectInputEvents = YES;
				INFOPLIST_KEY_UILaunchStoryboardName = LaunchScreen;
				INFOPLIST_KEY_UIMainStoryboardFile = Main;
				INFOPLIST_KEY_UISupportedInterfaceOrientations = UIInterfaceOrientationPortrait;
				INFOPLIST_KEY_UISupportedInterfaceOrientations_iPad = "UIInterfaceOrientationLandscapeLeft UIInterfaceOrientationLandscapeRight UIInterfaceOrientationPortrait UIInterfaceOrientationPortraitUpsideDown";
				LD_RUNPATH_SEARCH_PATHS = (
					"$(inherited)",
					"@executable_path/Frameworks",
				);
				MARKETING_VERSION = 1.0;
				PRODUCT_BUNDLE_IDENTIFIER = com.podtest.testWidget;
				PRODUCT_NAME = "$(TARGET_NAME)";
				SUPPORTED_PLATFORMS = "iphoneos iphonesimulator";
				SUPPORTS_MACCATALYST = NO;
				SUPPORTS_MAC_DESIGNED_FOR_IPHONE_IPAD = NO;
				SWIFT_EMIT_LOC_STRINGS = YES;
				SWIFT_VERSION = 5.0;
				TARGETED_DEVICE_FAMILY = 1;
			};
			name = Release;
		};
		447F29CC2BD7586E00088E09 /* Debug */ = {
			isa = XCBuildConfiguration;
			buildSettings = {
				ASSETCATALOG_COMPILER_GLOBAL_ACCENT_COLOR_NAME = AccentColor;
				ASSETCATALOG_COMPILER_WIDGET_BACKGROUND_COLOR_NAME = WidgetBackground;
				CODE_SIGN_ENTITLEMENTS = widgetExtension.entitlements;
				CODE_SIGN_STYLE = Automatic;
				CURRENT_PROJECT_VERSION = 1;
				DEVELOPMENT_TEAM = "";
				GENERATE_INFOPLIST_FILE = YES;
				INFOPLIST_FILE = widget/Info.plist;
				INFOPLIST_KEY_CFBundleDisplayName = widget;
				INFOPLIST_KEY_NSHumanReadableCopyright = "";
				IPHONEOS_DEPLOYMENT_TARGET = 15.0;
				LD_RUNPATH_SEARCH_PATHS = (
					"$(inherited)",
					"@executable_path/Frameworks",
					"@executable_path/../../Frameworks",
				);
				MARKETING_VERSION = 1.0;
				PRODUCT_BUNDLE_IDENTIFIER = com.podtest.testWidget.widget;
				PRODUCT_NAME = "$(TARGET_NAME)";
				SKIP_INSTALL = YES;
				SUPPORTED_PLATFORMS = "iphoneos iphonesimulator";
				SUPPORTS_MACCATALYST = NO;
				SUPPORTS_MAC_DESIGNED_FOR_IPHONE_IPAD = NO;
				SWIFT_EMIT_LOC_STRINGS = YES;
				SWIFT_VERSION = 5.0;
				TARGETED_DEVICE_FAMILY = 1;
			};
			name = Debug;
		};
		447F29CD2BD7586E00088E09 /* Release */ = {
			isa = XCBuildConfiguration;
			buildSettings = {
				ASSETCATALOG_COMPILER_GLOBAL_ACCENT_COLOR_NAME = AccentColor;
				ASSETCATALOG_COMPILER_WIDGET_BACKGROUND_COLOR_NAME = WidgetBackground;
				CODE_SIGN_ENTITLEMENTS = widgetExtension.entitlements;
				CODE_SIGN_STYLE = Automatic;
				CURRENT_PROJECT_VERSION = 1;
				DEVELOPMENT_TEAM = "";
				GENERATE_INFOPLIST_FILE = YES;
				INFOPLIST_FILE = widget/Info.plist;
				INFOPLIST_KEY_CFBundleDisplayName = widget;
				INFOPLIST_KEY_NSHumanReadableCopyright = "";
				IPHONEOS_DEPLOYMENT_TARGET = 15.0;
				LD_RUNPATH_SEARCH_PATHS = (
					"$(inherited)",
					"@executable_path/Frameworks",
					"@executable_path/../../Frameworks",
				);
				MARKETING_VERSION = 1.0;
				PRODUCT_BUNDLE_IDENTIFIER = com.podtest.testWidget.widget;
				PRODUCT_NAME = "$(TARGET_NAME)";
				SKIP_INSTALL = YES;
				SUPPORTED_PLATFORMS = "iphoneos iphonesimulator";
				SUPPORTS_MACCATALYST = NO;
				SUPPORTS_MAC_DESIGNED_FOR_IPHONE_IPAD = NO;
				SWIFT_EMIT_LOC_STRINGS = YES;
				SWIFT_VERSION = 5.0;
				TARGETED_DEVICE_FAMILY = 1;
			};
			name = Release;
		};
/* End XCBuildConfiguration section */

/* Begin XCConfigurationList section */
		447F297A2BD7583D00088E09 /* Build configuration list for PBXProject "testWidget" */ = {
			isa = XCConfigurationList;
			buildConfigurations = (
				447F29A72BD7583E00088E09 /* Debug */,
				447F29A82BD7583E00088E09 /* Release */,
			);
			defaultConfigurationIsVisible = 0;
			defaultConfigurationName = Release;
		};
		447F29A92BD7583E00088E09 /* Build configuration list for PBXNativeTarget "testWidget" */ = {
			isa = XCConfigurationList;
			buildConfigurations = (
				447F29AA2BD7583E00088E09 /* Debug */,
				447F29AB2BD7583E00088E09 /* Release */,
			);
			defaultConfigurationIsVisible = 0;
			defaultConfigurationName = Release;
		};
		447F29CB2BD7586E00088E09 /* Build configuration list for PBXNativeTarget "widgetExtension" */ = {
			isa = XCConfigurationList;
			buildConfigurations = (
				447F29CC2BD7586E00088E09 /* Debug */,
				447F29CD2BD7586E00088E09 /* Release */,
			);
			defaultConfigurationIsVisible = 0;
			defaultConfigurationName = Release;
		};
/* End XCConfigurationList section */
	};
	rootObject = 447F29772BD7583D00088E09 /* Project object */;
}
